
Microsoft Visual Studio Solution File, Format Version 12.00
Project("{FAE04EC0-301F-11D3-BF4B-00C04F79EFBC}") = "Avalonia3DViewer", "Avalonia3DViewer\Avalonia3DViewer.csproj", "{09D34A41-EF0C-4C7D-B2D3-07B1B36E4DFF}"
EndProject
Global
	GlobalSection(SolutionConfigurationPlatforms) = preSolution
		Debug|Any CPU = Debug|Any CPU
		Release|Any CPU = Release|Any CPU
	EndGlobalSection
	GlobalSection(ProjectConfigurationPlatforms) = postSolution
		{09D34A41-EF0C-4C7D-B2D3-07B1B36E4DFF}.Debug|Any CPU.ActiveCfg = Debug|Any CPU
		{09D34A41-EF0C-4C7D-B2D3-07B1B36E4DFF}.Debug|Any CPU.Build.0 = Debug|Any CPU
		{09D34A41-EF0C-4C7D-B2D3-07B1B36E4DFF}.Release|Any CPU.ActiveCfg = Release|Any CPU
		{09D34A41-EF0C-4C7D-B2D3-07B1B36E4DFF}.Release|Any CPU.Build.0 = Release|Any CPU
	EndGlobalSection
EndGlobal
